{
  "name": "grizzly-vercel-fixed",
  "version": "1.0.0",
  "lockfileVersion": 3,
  "requires": true,
  "packages": {
    "": {
      "name": "grizzly-vercel-fixed",
      "version": "1.0.0",
      "dependencies": {
        "firebase": "10.13.0",
        "react": "18.3.1",
        "react-dom": "18.3.1",
        "react-router-dom": "6.30.0"
      }
    }
  }
}